
Microsoft Visual Studio Solution File, Format Version 12.00
# Visual Studio Version 16
VisualStudioVersion = 16.0.30611.23
MinimumVisualStudioVersion = 10.0.40219.1
Project("{FAE04EC0-301F-11D3-BF4B-00C04F79EFBC}") = "FinalProDoctor", "FinalProDoctor.csproj", "{D1649E57-D050-4AE4-B51E-5F0D91C32EDE}"
EndProject
Global
	GlobalSection(SolutionConfigurationPlatforms) = preSolution
		Debug|Any CPU = Debug|Any CPU
		Release|Any CPU = Release|Any CPU
	EndGlobalSection
	GlobalSection(ProjectConfigurationPlatforms) = postSolution
		{D1649E57-D050-4AE4-B51E-5F0D91C32EDE}.Debug|Any CPU.ActiveCfg = Debug|Any CPU
		{D1649E57-D050-4AE4-B51E-5F0D91C32EDE}.Debug|Any CPU.Build.0 = Debug|Any CPU
		{D1649E57-D050-4AE4-B51E-5F0D91C32EDE}.Release|Any CPU.ActiveCfg = Release|Any CPU
		{D1649E57-D050-4AE4-B51E-5F0D91C32EDE}.Release|Any CPU.Build.0 = Release|Any CPU
	EndGlobalSection
	GlobalSection(SolutionProperties) = preSolution
		HideSolutionNode = FALSE
	EndGlobalSection
	GlobalSection(ExtensibilityGlobals) = postSolution
		SolutionGuid = {16E162CC-35E4-4792-9B6E-5BCDF533C492}
	EndGlobalSection
EndGlobal
